// !$*UTF8*$!
{
	archiveVersion = 1;
	classes = {
	};
	objectVersion = 46;
	objects = {

/* Begin PBXBuildFile section */
		006EB60A198EDFE8008781C1 /* Foundation.framework in Frameworks */ = {isa = PBXBuildFile; fileRef = 006EB609198EDFE8008781C1 /* Foundation.framework */; };
		006EB60C198EDFE8008781C1 /* CoreGraphics.framework in Frameworks */ = {isa = PBXBuildFile; fileRef = 006EB60B198EDFE8008781C1 /* CoreGraphics.framework */; };
		006EB60E198EDFE8008781C1 /* UIKit.framework in Frameworks */ = {isa = PBXBuildFile; fileRef = 006EB60D198EDFE8008781C1 /* UIKit.framework */; };
		006EB614198EDFE8008781C1 /* InfoPlist.strings in Resources */ = {isa = PBXBuildFile; fileRef = 006EB612198EDFE8008781C1 /* InfoPlist.strings */; };
		006EB616198EDFE8008781C1 /* main.m in Sources */ = {isa = PBXBuildFile; fileRef = 006EB615198EDFE8008781C1 /* main.m */; };
		006EB61A198EDFE8008781C1 /* RLAppDelegate.m in Sources */ = {isa = PBXBuildFile; fileRef = 006EB619198EDFE8008781C1 /* RLAppDelegate.m */; };
		006EB61D198EDFE8008781C1 /* Main_iPhone.storyboard in Resources */ = {isa = PBXBuildFile; fileRef = 006EB61B198EDFE8008781C1 /* Main_iPhone.storyboard */; };
		006EB620198EDFE8008781C1 /* Main_iPad.storyboard in Resources */ = {isa = PBXBuildFile; fileRef = 006EB61E198EDFE8008781C1 /* Main_iPad.storyboard */; };
		006EB623198EDFE8008781C1 /* RLViewController.m in Sources */ = {isa = PBXBuildFile; fileRef = 006EB622198EDFE8008781C1 /* RLViewController.m */; };
		006EB625198EDFE8008781C1 /* Images.xcassets in Resources */ = {isa = PBXBuildFile; fileRef = 006EB624198EDFE8008781C1 /* Images.xcassets */; };
		006EB62C198EDFE8008781C1 /* XCTest.framework in Frameworks */ = {isa = PBXBuildFile; fileRef = 006EB62B198EDFE8008781C1 /* XCTest.framework */; };
		006EB62D198EDFE8008781C1 /* Foundation.framework in Frameworks */ = {isa = PBXBuildFile; fileRef = 006EB609198EDFE8008781C1 /* Foundation.framework */; };
		006EB62E198EDFE8008781C1 /* UIKit.framework in Frameworks */ = {isa = PBXBuildFile; fileRef = 006EB60D198EDFE8008781C1 /* UIKit.framework */; };
		006EB636198EDFE8008781C1 /* InfoPlist.strings in Resources */ = {isa = PBXBuildFile; fileRef = 006EB634198EDFE8008781C1 /* InfoPlist.strings */; };
		006EB638198EDFE8008781C1 /* ShortyTests.m in Sources */ = {isa = PBXBuildFile; fileRef = 006EB637198EDFE8008781C1 /* ShortyTests.m */; };
/* End PBXBuildFile section */

/* Begin PBXContainerItemProxy section */
		006EB62F198EDFE8008781C1 /* PBXContainerItemProxy */ = {
			isa = PBXContainerItemProxy;
			containerPortal = 006EB5FE198EDFE8008781C1 /* Project object */;
			proxyType = 1;
			remoteGlobalIDString = 006EB605198EDFE8008781C1;
			remoteInfo = Shorty;
		};
/* End PBXContainerItemProxy section */

/* Begin PBXFileReference section */
		006EB606198EDFE8008781C1 /* Shorty.app */ = {isa = PBXFileReference; explicitFileType = wrapper.application; includeInIndex = 0; path = Shorty.app; sourceTree = BUILT_PRODUCTS_DIR; };
		006EB609198EDFE8008781C1 /* Foundation.framework */ = {isa = PBXFileReference; lastKnownFileType = wrapper.framework; name = Foundation.framework; path = System/Library/Frameworks/Foundation.framework; sourceTree = SDKROOT; };
		006EB60B198EDFE8008781C1 /* CoreGraphics.framework */ = {isa = PBXFileReference; lastKnownFileType = wrapper.framework; name = CoreGraphics.framework; path = System/Library/Frameworks/CoreGraphics.framework; sourceTree = SDKROOT; };
		006EB60D198EDFE8008781C1 /* UIKit.framework */ = {isa = PBXFileReference; lastKnownFileType = wrapper.framework; name = UIKit.framework; path = System/Library/Frameworks/UIKit.framework; sourceTree = SDKROOT; };
		006EB611198EDFE8008781C1 /* Shorty-Info.plist */ = {isa = PBXFileReference; lastKnownFileType = text.plist.xml; path = "Shorty-Info.plist"; sourceTree = "<group>"; };
		006EB613198EDFE8008781C1 /* en */ = {isa = PBXFileReference; lastKnownFileType = text.plist.strings; name = en; path = en.lproj/InfoPlist.strings; sourceTree = "<group>"; };
		006EB615198EDFE8008781C1 /* main.m */ = {isa = PBXFileReference; lastKnownFileType = sourcecode.c.objc; path = main.m; sourceTree = "<group>"; };
		006EB617198EDFE8008781C1 /* Shorty-Prefix.pch */ = {isa = PBXFileReference; lastKnownFileType = sourcecode.c.h; path = "Shorty-Prefix.pch"; sourceTree = "<group>"; };
		006EB618198EDFE8008781C1 /* RLAppDelegate.h */ = {isa = PBXFileReference; lastKnownFileType = sourcecode.c.h; path = RLAppDelegate.h; sourceTree = "<group>"; };
		006EB619198EDFE8008781C1 /* RLAppDelegate.m */ = {isa = PBXFileReference; lastKnownFileType = sourcecode.c.objc; path = RLAppDelegate.m; sourceTree = "<group>"; };
		006EB61C198EDFE8008781C1 /* Base */ = {isa = PBXFileReference; lastKnownFileType = file.storyboard; name = Base; path = Base.lproj/Main_iPhone.storyboard; sourceTree = "<group>"; };
		006EB61F198EDFE8008781C1 /* Base */ = {isa = PBXFileReference; lastKnownFileType = file.storyboard; name = Base; path = Base.lproj/Main_iPad.storyboard; sourceTree = "<group>"; };
		006EB621198EDFE8008781C1 /* RLViewController.h */ = {isa = PBXFileReference; lastKnownFileType = sourcecode.c.h; path = RLViewController.h; sourceTree = "<group>"; };
		006EB622198EDFE8008781C1 /* RLViewController.m */ = {isa = PBXFileReference; lastKnownFileType = sourcecode.c.objc; path = RLViewController.m; sourceTree = "<group>"; };
		006EB624198EDFE8008781C1 /* Images.xcassets */ = {isa = PBXFileReference; lastKnownFileType = folder.assetcatalog; path = Images.xcassets; sourceTree = "<group>"; };
		006EB62A198EDFE8008781C1 /* ShortyTests.xctest */ = {isa = PBXFileReference; explicitFileType = wrapper.cfbundle; includeInIndex = 0; path = ShortyTests.xctest; sourceTree = BUILT_PRODUCTS_DIR; };
		006EB62B198EDFE8008781C1 /* XCTest.framework */ = {isa = PBXFileReference; lastKnownFileType = wrapper.framework; name = XCTest.framework; path = Library/Frameworks/XCTest.framework; sourceTree = DEVELOPER_DIR; };
		006EB633198EDFE8008781C1 /* ShortyTests-Info.plist */ = {isa = PBXFileReference; lastKnownFileType = text.plist.xml; path = "ShortyTests-Info.plist"; sourceTree = "<group>"; };
		006EB635198EDFE8008781C1 /* en */ = {isa = PBXFileReference; lastKnownFileType = text.plist.strings; name = en; path = en.lproj/InfoPlist.strings; sourceTree = "<group>"; };
		006EB637198EDFE8008781C1 /* ShortyTests.m */ = {isa = PBXFileReference; lastKnownFileType = sourcecode.c.objc; path = ShortyTests.m; sourceTree = "<group>"; };
/* End PBXFileReference section */

/* Begin PBXFrameworksBuildPhase section */
		006EB603198EDFE8008781C1 /* Frameworks */ = {
			isa = PBXFrameworksBuildPhase;
			buildActionMask = 2147483647;
			files = (
				006EB60C198EDFE8008781C1 /* CoreGraphics.framework in Frameworks */,
				006EB60E198EDFE8008781C1 /* UIKit.framework in Frameworks */,
				006EB60A198EDFE8008781C1 /* Foundation.framework in Frameworks */,
			);
			runOnlyForDeploymentPostprocessing = 0;
		};
		006EB627198EDFE8008781C1 /* Frameworks */ = {
			isa = PBXFrameworksBuildPhase;
			buildActionMask = 2147483647;
			files = (
				006EB62C198EDFE8008781C1 /* XCTest.framework in Frameworks */,
				006EB62E198EDFE8008781C1 /* UIKit.framework in Frameworks */,
				006EB62D198EDFE8008781C1 /* Foundation.framework in Frameworks */,
			);
			runOnlyForDeploymentPostprocessing = 0;
		};
/* End PBXFrameworksBuildPhase section */

/* Begin PBXGroup section */
		006EB5FD198EDFE8008781C1 = {
			isa = PBXGroup;
			children = (
				006EB60F198EDFE8008781C1 /* Shorty */,
				006EB631198EDFE8008781C1 /* ShortyTests */,
				006EB608198EDFE8008781C1 /* Frameworks */,
				006EB607198EDFE8008781C1 /* Products */,
			);
			sourceTree = "<group>";
		};
		006EB607198EDFE8008781C1 /* Products */ = {
			isa = PBXGroup;
			children = (
				006EB606198EDFE8008781C1 /* Shorty.app */,
				006EB62A198EDFE8008781C1 /* ShortyTests.xctest */,
			);
			name = Products;
			sourceTree = "<group>";
		};
		006EB608198EDFE8008781C1 /* Frameworks */ = {
			isa = PBXGroup;
			children = (
				006EB609198EDFE8008781C1 /* Foundation.framework */,
				006EB60B198EDFE8008781C1 /* CoreGraphics.framework */,
				006EB60D198EDFE8008781C1 /* UIKit.framework */,
				006EB62B198EDFE8008781C1 /* XCTest.framework */,
			);
			name = Frameworks;
			sourceTree = "<group>";
		};
		006EB60F198EDFE8008781C1 /* Shorty */ = {
			isa = PBXGroup;
			children = (
				006EB618198EDFE8008781C1 /* RLAppDelegate.h */,
				006EB619198EDFE8008781C1 /* RLAppDelegate.m */,
				006EB61B198EDFE8008781C1 /* Main_iPhone.storyboard */,
				006EB61E198EDFE8008781C1 /* Main_iPad.storyboard */,
				006EB621198EDFE8008781C1 /* RLViewController.h */,
				006EB622198EDFE8008781C1 /* RLViewController.m */,
				006EB624198EDFE8008781C1 /* Images.xcassets */,
				006EB610198EDFE8008781C1 /* Supporting Files */,
			);
			path = Shorty;
			sourceTree = "<group>";
		};
		006EB610198EDFE8008781C1 /* Supporting Files */ = {
			isa = PBXGroup;
			children = (
				006EB611198EDFE8008781C1 /* Shorty-Info.plist */,
				006EB612198EDFE8008781C1 /* InfoPlist.strings */,
				006EB615198EDFE8008781C1 /* main.m */,
				006EB617198EDFE8008781C1 /* Shorty-Prefix.pch */,
			);
			name = "Supporting Files";
			sourceTree = "<group>";
		};
		006EB631198EDFE8008781C1 /* ShortyTests */ = {
			isa = PBXGroup;
			children = (
				006EB637198EDFE8008781C1 /* ShortyTests.m */,
				006EB632198EDFE8008781C1 /* Supporting Files */,
			);
			path = ShortyTests;
			sourceTree = "<group>";
		};
		006EB632198EDFE8008781C1 /* Supporting Files */ = {
			isa = PBXGroup;
			children = (
				006EB633198EDFE8008781C1 /* ShortyTests-Info.plist */,
				006EB634198EDFE8008781C1 /* InfoPlist.strings */,
			);
			name = "Supporting Files";
			sourceTree = "<group>";
		};
/* End PBXGroup section */

/* Begin PBXNativeTarget section */
		006EB605198EDFE8008781C1 /* Shorty */ = {
			isa = PBXNativeTarget;
			buildConfigurationList = 006EB63B198EDFE8008781C1 /* Build configuration list for PBXNativeTarget "Shorty" */;
			buildPhases = (
				006EB602198EDFE8008781C1 /* Sources */,
				006EB603198EDFE8008781C1 /* Frameworks */,
				006EB604198EDFE8008781C1 /* Resources */,
			);
			buildRules = (
			);
			dependencies = (
			);
			name = Shorty;
			productName = Shorty;
			productReference = 006EB606198EDFE8008781C1 /* Shorty.app */;
			productType = "com.apple.product-type.application";
		};
		006EB629198EDFE8008781C1 /* ShortyTests */ = {
			isa = PBXNativeTarget;
			buildConfigurationList = 006EB63E198EDFE8008781C1 /* Build configuration list for PBXNativeTarget "ShortyTests" */;
			buildPhases = (
				006EB626198EDFE8008781C1 /* Sources */,
				006EB627198EDFE8008781C1 /* Frameworks */,
				006EB628198EDFE8008781C1 /* Resources */,
			);
			buildRules = (
			);
			dependencies = (
				006EB630198EDFE8008781C1 /* PBXTargetDependency */,
			);
			name = ShortyTests;
			productName = ShortyTests;
			productReference = 006EB62A198EDFE8008781C1 /* ShortyTests.xctest */;
			productType = "com.apple.product-type.bundle.unit-test";
		};
/* End PBXNativeTarget section */

/* Begin PBXProject section */
		006EB5FE198EDFE8008781C1 /* Project object */ = {
			isa = PBXProject;
			attributes = {
				CLASSPREFIX = RL;
				LastUpgradeCheck = 0510;
				ORGANIZATIONNAME = "lum International";
				TargetAttributes = {
					006EB629198EDFE8008781C1 = {
						TestTargetID = 006EB605198EDFE8008781C1;
					};
				};
			};
			buildConfigurationList = 006EB601198EDFE8008781C1 /* Build configuration list for PBXProject "Shorty" */;
			compatibilityVersion = "Xcode 3.2";
			developmentRegion = English;
			hasScannedForEncodings = 0;
			knownRegions = (
				en,
				Base,
			);
			mainGroup = 006EB5FD198EDFE8008781C1;
			productRefGroup = 006EB607198EDFE8008781C1 /* Products */;
			projectDirPath = "";
			projectRoot = "";
			targets = (
				006EB605198EDFE8008781C1 /* Shorty */,
				006EB629198EDFE8008781C1 /* ShortyTests */,
			);
		};
/* End PBXProject section */

/* Begin PBXResourcesBuildPhase section */
		006EB604198EDFE8008781C1 /* Resources */ = {
			isa = PBXResourcesBuildPhase;
			buildActionMask = 2147483647;
			files = (
				006EB620198EDFE8008781C1 /* Main_iPad.storyboard in Resources */,
				006EB625198EDFE8008781C1 /* Images.xcassets in Resources */,
				006EB61D198EDFE8008781C1 /* Main_iPhone.storyboard in Resources */,
				006EB614198EDFE8008781C1 /* InfoPlist.strings in Resources */,
			);
			runOnlyForDeploymentPostprocessing = 0;
		};
		006EB628198EDFE8008781C1 /* Resources */ = {
			isa = PBXResourcesBuildPhase;
			buildActionMask = 2147483647;
			files = (
				006EB636198EDFE8008781C1 /* InfoPlist.strings in Resources */,
			);
			runOnlyForDeploymentPostprocessing = 0;
		};
/* End PBXResourcesBuildPhase section */

/* Begin PBXSourcesBuildPhase section */
		006EB602198EDFE8008781C1 /* Sources */ = {
			isa = PBXSourcesBuildPhase;
			buildActionMask = 2147483647;
			files = (
				006EB61A198EDFE8008781C1 /* RLAppDelegate.m in Sources */,
				006EB616198EDFE8008781C1 /* main.m in Sources */,
				006EB623198EDFE8008781C1 /* RLViewController.m in Sources */,
			);
			runOnlyForDeploymentPostprocessing = 0;
		};
		006EB626198EDFE8008781C1 /* Sources */ = {
			isa = PBXSourcesBuildPhase;
			buildActionMask = 2147483647;
			files = (
				006EB638198EDFE8008781C1 /* ShortyTests.m in Sources */,
			);
			runOnlyForDeploymentPostprocessing = 0;
		};
/* End PBXSourcesBuildPhase section */

/* Begin PBXTargetDependency section */
		006EB630198EDFE8008781C1 /* PBXTargetDependency */ = {
			isa = PBXTargetDependency;
			target = 006EB605198EDFE8008781C1 /* Shorty */;
			targetProxy = 006EB62F198EDFE8008781C1 /* PBXContainerItemProxy */;
		};
/* End PBXTargetDependency section */

/* Begin PBXVariantGroup section */
		006EB612198EDFE8008781C1 /* InfoPlist.strings */ = {
			isa = PBXVariantGroup;
			children = (
				006EB613198EDFE8008781C1 /* en */,
			);
			name = InfoPlist.strings;
			sourceTree = "<group>";
		};
		006EB61B198EDFE8008781C1 /* Main_iPhone.storyboard */ = {
			isa = PBXVariantGroup;
			children = (
				006EB61C198EDFE8008781C1 /* Base */,
			);
			name = Main_iPhone.storyboard;
			sourceTree = "<group>";
		};
		006EB61E198EDFE8008781C1 /* Main_iPad.storyboard */ = {
			isa = PBXVariantGroup;
			children = (
				006EB61F198EDFE8008781C1 /* Base */,
			);
			name = Main_iPad.storyboard;
			sourceTree = "<group>";
		};
		006EB634198EDFE8008781C1 /* InfoPlist.strings */ = {
			isa = PBXVariantGroup;
			children = (
				006EB635198EDFE8008781C1 /* en */,
			);
			name = InfoPlist.strings;
			sourceTree = "<group>";
		};
/* End PBXVariantGroup section */

/* Begin XCBuildConfiguration section */
		006EB639198EDFE8008781C1 /* Debug */ = {
			isa = XCBuildConfiguration;
			buildSettings = {
				ALWAYS_SEARCH_USER_PATHS = NO;
				CLANG_CXX_LANGUAGE_STANDARD = "gnu++0x";
				CLANG_CXX_LIBRARY = "libc++";
				CLANG_ENABLE_MODULES = YES;
				CLANG_ENABLE_OBJC_ARC = YES;
				CLANG_WARN_BOOL_CONVERSION = YES;
				CLANG_WARN_CONSTANT_CONVERSION = YES;
				CLANG_WARN_DIRECT_OBJC_ISA_USAGE = YES_ERROR;
				CLANG_WARN_EMPTY_BODY = YES;
				CLANG_WARN_ENUM_CONVERSION = YES;
				CLANG_WARN_INT_CONVERSION = YES;
				CLANG_WARN_OBJC_ROOT_CLASS = YES_ERROR;
				CLANG_WARN__DUPLICATE_METHOD_MATCH = YES;
				"CODE_SIGN_IDENTITY[sdk=iphoneos*]" = "iPhone Developer";
				COPY_PHASE_STRIP = NO;
				GCC_C_LANGUAGE_STANDARD = gnu99;
				GCC_DYNAMIC_NO_PIC = NO;
				GCC_OPTIMIZATION_LEVEL = 0;
				GCC_PREPROCESSOR_DEFINITIONS = (
					"DEBUG=1",
					"$(inherited)",
				);
				GCC_SYMBOLS_PRIVATE_EXTERN = NO;
				GCC_WARN_64_TO_32_BIT_CONVERSION = YES;
				GCC_WARN_ABOUT_RETURN_TYPE = YES_ERROR;
				GCC_WARN_UNDECLARED_SELECTOR = YES;
				GCC_WARN_UNINITIALIZED_AUTOS = YES_AGGRESSIVE;
				GCC_WARN_UNUSED_FUNCTION = YES;
				GCC_WARN_UNUSED_VARIABLE = YES;
				IPHONEOS_DEPLOYMENT_TARGET = 7.1;
				ONLY_ACTIVE_ARCH = YES;
				SDKROOT = iphoneos;
				TARGETED_DEVICE_FAMILY = "1,2";
			};
			name = Debug;
		};
		006EB63A198EDFE8008781C1 /* Release */ = {
			isa = XCBuildConfiguration;
			buildSettings = {
				ALWAYS_SEARCH_USER_PATHS = NO;
				CLANG_CXX_LANGUAGE_STANDARD = "gnu++0x";
				CLANG_CXX_LIBRARY = "libc++";
				CLANG_ENABLE_MODULES = YES;
				CLANG_ENABLE_OBJC_ARC = YES;
				CLANG_WARN_BOOL_CONVERSION = YES;
				CLANG_WARN_CONSTANT_CONVERSION = YES;
				CLANG_WARN_DIRECT_OBJC_ISA_USAGE = YES_ERROR;
				CLANG_WARN_EMPTY_BODY = YES;
				CLANG_WARN_ENUM_CONVERSION = YES;
				CLANG_WARN_INT_CONVERSION = YES;
				CLANG_WARN_OBJC_ROOT_CLASS = YES_ERROR;
				CLANG_WARN__DUPLICATE_METHOD_MATCH = YES;
				"CODE_SIGN_IDENTITY[sdk=iphoneos*]" = "iPhone Developer";
				COPY_PHASE_STRIP = YES;
				ENABLE_NS_ASSERTIONS = NO;
				GCC_C_LANGUAGE_STANDARD = gnu99;
				GCC_WARN_64_TO_32_BIT_CONVERSION = YES;
				GCC_WARN_ABOUT_RETURN_TYPE = YES_ERROR;
				GCC_WARN_UNDECLARED_SELECTOR = YES;
				GCC_WARN_UNINITIALIZED_AUTOS = YES_AGGRESSIVE;
				GCC_WARN_UNUSED_FUNCTION = YES;
				GCC_WARN_UNUSED_VARIABLE = YES;
				IPHONEOS_DEPLOYMENT_TARGET = 7.1;
				SDKROOT = iphoneos;
				TARGETED_DEVICE_FAMILY = "1,2";
				VALIDATE_PRODUCT = YES;
			};
			name = Release;
		};
		006EB63C198EDFE8008781C1 /* Debug */ = {
			isa = XCBuildConfiguration;
			buildSettings = {
				ASSETCATALOG_COMPILER_APPICON_NAME = AppIcon;
				ASSETCATALOG_COMPILER_LAUNCHIMAGE_NAME = LaunchImage;
				GCC_PRECOMPILE_PREFIX_HEADER = YES;
				GCC_PREFIX_HEADER = "Shorty/Shorty-Prefix.pch";
				INFOPLIST_FILE = "Shorty/Shorty-Info.plist";
				PRODUCT_NAME = "$(TARGET_NAME)";
				WRAPPER_EXTENSION = app;
			};
			name = Debug;
		};
		006EB63D198EDFE8008781C1 /* Release */ = {
			isa = XCBuildConfiguration;
			buildSettings = {
				ASSETCATALOG_COMPILER_APPICON_NAME = AppIcon;
				ASSETCATALOG_COMPILER_LAUNCHIMAGE_NAME = LaunchImage;
				GCC_PRECOMPILE_PREFIX_HEADER = YES;
				GCC_PREFIX_HEADER = "Shorty/Shorty-Prefix.pch";
				INFOPLIST_FILE = "Shorty/Shorty-Info.plist";
				PRODUCT_NAME = "$(TARGET_NAME)";
				WRAPPER_EXTENSION = app;
			};
			name = Release;
		};
		006EB63F198EDFE8008781C1 /* Debug */ = {
			isa = XCBuildConfiguration;
			buildSettings = {
				BUNDLE_LOADER = "$(BUILT_PRODUCTS_DIR)/Shorty.app/Shorty";
				FRAMEWORK_SEARCH_PATHS = (
					"$(SDKROOT)/Developer/Library/Frameworks",
					"$(inherited)",
					"$(DEVELOPER_FRAMEWORKS_DIR)",
				);
				GCC_PRECOMPILE_PREFIX_HEADER = YES;
				GCC_PREFIX_HEADER = "Shorty/Shorty-Prefix.pch";
				GCC_PREPROCESSOR_DEFINITIONS = (
					"DEBUG=1",
					"$(inherited)",
				);
				INFOPLIST_FILE = "ShortyTests/ShortyTests-Info.plist";
				PRODUCT_NAME = "$(TARGET_NAME)";
				TEST_HOST = "$(BUNDLE_LOADER)";
				WRAPPER_EXTENSION = xctest;
			};
			name = Debug;
		};
		006EB640198EDFE8008781C1 /* Release */ = {
			isa = XCBuildConfiguration;
			buildSettings = {
				BUNDLE_LOADER = "$(BUILT_PRODUCTS_DIR)/Shorty.app/Shorty";
				FRAMEWORK_SEARCH_PATHS = (
					"$(SDKROOT)/Developer/Library/Frameworks",
					"$(inherited)",
					"$(DEVELOPER_FRAMEWORKS_DIR)",
				);
				GCC_PRECOMPILE_PREFIX_HEADER = YES;
				GCC_PREFIX_HEADER = "Shorty/Shorty-Prefix.pch";
				INFOPLIST_FILE = "ShortyTests/ShortyTests-Info.plist";
				PRODUCT_NAME = "$(TARGET_NAME)";
				TEST_HOST = "$(BUNDLE_LOADER)";
				WRAPPER_EXTENSION = xctest;
			};
			name = Release;
		};
/* End XCBuildConfiguration section */

/* Begin XCConfigurationList section */
		006EB601198EDFE8008781C1 /* Build configuration list for PBXProject "Shorty" */ = {
			isa = XCConfigurationList;
			buildConfigurations = (
				006EB639198EDFE8008781C1 /* Debug */,
				006EB63A198EDFE8008781C1 /* Release */,
			);
			defaultConfigurationIsVisible = 0;
			defaultConfigurationName = Release;
		};
		006EB63B198EDFE8008781C1 /* Build configuration list for PBXNativeTarget "Shorty" */ = {
			isa = XCConfigurationList;
			buildConfigurations = (
				006EB63C198EDFE8008781C1 /* Debug */,
				006EB63D198EDFE8008781C1 /* Release */,
			);
			defaultConfigurationIsVisible = 0;
		};
		006EB63E198EDFE8008781C1 /* Build configuration list for PBXNativeTarget "ShortyTests" */ = {
			isa = XCConfigurationList;
			buildConfigurations = (
				006EB63F198EDFE8008781C1 /* Debug */,
				006EB640198EDFE8008781C1 /* Release */,
			);
			defaultConfigurationIsVisible = 0;
		};
/* End XCConfigurationList section */
	};
	rootObject = 006EB5FE198EDFE8008781C1 /* Project object */;
}
